// !$*UTF8*$!
{
	archiveVersion = 1;
	classes = {
	};
	objectVersion = 46;
	objects = {

/* Begin PBXBuildFile section */
		042DBE7F1CC946EE00AC69D5 /* UXActionSheet.h in Headers */ = {isa = PBXBuildFile; fileRef = 042DBE7E1CC946EE00AC69D5 /* UXActionSheet.h */; settings = {ATTRIBUTES = (Public, ); }; };
		042DBE8D1CC9472600AC69D5 /* UXActionSheetCell.swift in Sources */ = {isa = PBXBuildFile; fileRef = 042DBE861CC9472600AC69D5 /* UXActionSheetCell.swift */; };
		042DBE8E1CC9472600AC69D5 /* UXActionSheetCell.xib in Resources */ = {isa = PBXBuildFile; fileRef = 042DBE871CC9472600AC69D5 /* UXActionSheetCell.xib */; };
		042DBE8F1CC9472600AC69D5 /* UXActionSheetView.swift in Sources */ = {isa = PBXBuildFile; fileRef = 042DBE881CC9472600AC69D5 /* UXActionSheetView.swift */; };
		042DBE901CC9472600AC69D5 /* UXActionSheetView.xib in Resources */ = {isa = PBXBuildFile; fileRef = 042DBE891CC9472600AC69D5 /* UXActionSheetView.xib */; };
		042DBE911CC9472600AC69D5 /* UXActionSheetPresentable.swift in Sources */ = {isa = PBXBuildFile; fileRef = 042DBE8A1CC9472600AC69D5 /* UXActionSheetPresentable.swift */; };
		042DBE921CC9472600AC69D5 /* UXAction.swift in Sources */ = {isa = PBXBuildFile; fileRef = 042DBE8B1CC9472600AC69D5 /* UXAction.swift */; };
		042DBE931CC9472600AC69D5 /* UXActionStyle.swift in Sources */ = {isa = PBXBuildFile; fileRef = 042DBE8C1CC9472600AC69D5 /* UXActionStyle.swift */; };
		042DBECE1CC94AE700AC69D5 /* UXActionCell.swift in Sources */ = {isa = PBXBuildFile; fileRef = 042DBECD1CC94AE700AC69D5 /* UXActionCell.swift */; };
/* End PBXBuildFile section */

/* Begin PBXFileReference section */
		042DBE7B1CC946EE00AC69D5 /* UXActionSheet.framework */ = {isa = PBXFileReference; explicitFileType = wrapper.framework; includeInIndex = 0; path = UXActionSheet.framework; sourceTree = BUILT_PRODUCTS_DIR; };
		042DBE7E1CC946EE00AC69D5 /* UXActionSheet.h */ = {isa = PBXFileReference; lastKnownFileType = sourcecode.c.h; path = UXActionSheet.h; sourceTree = "<group>"; };
		042DBE801CC946EE00AC69D5 /* Info.plist */ = {isa = PBXFileReference; lastKnownFileType = text.plist.xml; path = Info.plist; sourceTree = "<group>"; };
		042DBE861CC9472600AC69D5 /* UXActionSheetCell.swift */ = {isa = PBXFileReference; fileEncoding = 4; lastKnownFileType = sourcecode.swift; path = UXActionSheetCell.swift; sourceTree = "<group>"; };
		042DBE871CC9472600AC69D5 /* UXActionSheetCell.xib */ = {isa = PBXFileReference; fileEncoding = 4; lastKnownFileType = file.xib; path = UXActionSheetCell.xib; sourceTree = "<group>"; };
		042DBE881CC9472600AC69D5 /* UXActionSheetView.swift */ = {isa = PBXFileReference; fileEncoding = 4; lastKnownFileType = sourcecode.swift; path = UXActionSheetView.swift; sourceTree = "<group>"; };
		042DBE891CC9472600AC69D5 /* UXActionSheetView.xib */ = {isa = PBXFileReference; fileEncoding = 4; lastKnownFileType = file.xib; path = UXActionSheetView.xib; sourceTree = "<group>"; };
		042DBE8A1CC9472600AC69D5 /* UXActionSheetPresentable.swift */ = {isa = PBXFileReference; fileEncoding = 4; lastKnownFileType = sourcecode.swift; path = UXActionSheetPresentable.swift; sourceTree = "<group>"; };
		042DBE8B1CC9472600AC69D5 /* UXAction.swift */ = {isa = PBXFileReference; fileEncoding = 4; lastKnownFileType = sourcecode.swift; path = UXAction.swift; sourceTree = "<group>"; };
		042DBE8C1CC9472600AC69D5 /* UXActionStyle.swift */ = {isa = PBXFileReference; fileEncoding = 4; lastKnownFileType = sourcecode.swift; path = UXActionStyle.swift; sourceTree = "<group>"; };
		042DBECD1CC94AE700AC69D5 /* UXActionCell.swift */ = {isa = PBXFileReference; fileEncoding = 4; lastKnownFileType = sourcecode.swift; path = UXActionCell.swift; sourceTree = "<group>"; };
/* End PBXFileReference section */

/* Begin PBXFrameworksBuildPhase section */
		042DBE771CC946EE00AC69D5 /* Frameworks */ = {
			isa = PBXFrameworksBuildPhase;
			buildActionMask = 2147483647;
			files = (
			);
			runOnlyForDeploymentPostprocessing = 0;
		};
/* End PBXFrameworksBuildPhase section */

/* Begin PBXGroup section */
		042DBE711CC946EE00AC69D5 = {
			isa = PBXGroup;
			children = (
				042DBE7D1CC946EE00AC69D5 /* UXActionSheet */,
				042DBE7C1CC946EE00AC69D5 /* Products */,
			);
			sourceTree = "<group>";
		};
		042DBE7C1CC946EE00AC69D5 /* Products */ = {
			isa = PBXGroup;
			children = (
				042DBE7B1CC946EE00AC69D5 /* UXActionSheet.framework */,
			);
			name = Products;
			sourceTree = "<group>";
		};
		042DBE7D1CC946EE00AC69D5 /* UXActionSheet */ = {
			isa = PBXGroup;
			children = (
				042DBE7E1CC946EE00AC69D5 /* UXActionSheet.h */,
				042DBE801CC946EE00AC69D5 /* Info.plist */,
				042DBE941CC9472A00AC69D5 /* Sheet */,
			);
			path = UXActionSheet;
			sourceTree = "<group>";
		};
		042DBE941CC9472A00AC69D5 /* Sheet */ = {
			isa = PBXGroup;
			children = (
				042DBECC1CC94ACD00AC69D5 /* UI */,
				042DBE8A1CC9472600AC69D5 /* UXActionSheetPresentable.swift */,
				042DBECF1CC94AF200AC69D5 /* Structs */,
			);
			name = Sheet;
			sourceTree = "<group>";
		};
		042DBECC1CC94ACD00AC69D5 /* UI */ = {
			isa = PBXGroup;
			children = (
				042DBE861CC9472600AC69D5 /* UXActionSheetCell.swift */,
				042DBE871CC9472600AC69D5 /* UXActionSheetCell.xib */,
				042DBE881CC9472600AC69D5 /* UXActionSheetView.swift */,
				042DBE891CC9472600AC69D5 /* UXActionSheetView.xib */,
			);
			name = UI;
			sourceTree = "<group>";
		};
		042DBECF1CC94AF200AC69D5 /* Structs */ = {
			isa = PBXGroup;
			children = (
				042DBE8B1CC9472600AC69D5 /* UXAction.swift */,
				042DBE8C1CC9472600AC69D5 /* UXActionStyle.swift */,
				042DBECD1CC94AE700AC69D5 /* UXActionCell.swift */,
			);
			name = Structs;
			sourceTree = "<group>";
		};
/* End PBXGroup section */

/* Begin PBXHeadersBuildPhase section */
		042DBE781CC946EE00AC69D5 /* Headers */ = {
			isa = PBXHeadersBuildPhase;
			buildActionMask = 2147483647;
			files = (
				042DBE7F1CC946EE00AC69D5 /* UXActionSheet.h in Headers */,
			);
			runOnlyForDeploymentPostprocessing = 0;
		};
/* End PBXHeadersBuildPhase section */

/* Begin PBXNativeTarget section */
		042DBE7A1CC946EE00AC69D5 /* UXActionSheet */ = {
			isa = PBXNativeTarget;
			buildConfigurationList = 042DBE831CC946EE00AC69D5 /* Build configuration list for PBXNativeTarget "UXActionSheet" */;
			buildPhases = (
				042DBE761CC946EE00AC69D5 /* Sources */,
				042DBE771CC946EE00AC69D5 /* Frameworks */,
				042DBE781CC946EE00AC69D5 /* Headers */,
				042DBE791CC946EE00AC69D5 /* Resources */,
			);
			buildRules = (
			);
			dependencies = (
			);
			name = UXActionSheet;
			productName = UXActionSheet;
			productReference = 042DBE7B1CC946EE00AC69D5 /* UXActionSheet.framework */;
			productType = "com.apple.product-type.framework";
		};
/* End PBXNativeTarget section */

/* Begin PBXProject section */
		042DBE721CC946EE00AC69D5 /* Project object */ = {
			isa = PBXProject;
			attributes = {
				LastUpgradeCheck = 0730;
				ORGANIZATIONNAME = jackchmbrln;
				TargetAttributes = {
					042DBE7A1CC946EE00AC69D5 = {
						CreatedOnToolsVersion = 7.3;
					};
				};
			};
			buildConfigurationList = 042DBE751CC946EE00AC69D5 /* Build configuration list for PBXProject "UXActionSheet" */;
			compatibilityVersion = "Xcode 3.2";
			developmentRegion = English;
			hasScannedForEncodings = 0;
			knownRegions = (
				en,
			);
			mainGroup = 042DBE711CC946EE00AC69D5;
			productRefGroup = 042DBE7C1CC946EE00AC69D5 /* Products */;
			projectDirPath = "";
			projectRoot = "";
			targets = (
				042DBE7A1CC946EE00AC69D5 /* UXActionSheet */,
			);
		};
/* End PBXProject section */

/* Begin PBXResourcesBuildPhase section */
		042DBE791CC946EE00AC69D5 /* Resources */ = {
			isa = PBXResourcesBuildPhase;
			buildActionMask = 2147483647;
			files = (
				042DBE901CC9472600AC69D5 /* UXActionSheetView.xib in Resources */,
				042DBE8E1CC9472600AC69D5 /* UXActionSheetCell.xib in Resources */,
			);
			runOnlyForDeploymentPostprocessing = 0;
		};
/* End PBXResourcesBuildPhase section */

/* Begin PBXSourcesBuildPhase section */
		042DBE761CC946EE00AC69D5 /* Sources */ = {
			isa = PBXSourcesBuildPhase;
			buildActionMask = 2147483647;
			files = (
				042DBE921CC9472600AC69D5 /* UXAction.swift in Sources */,
				042DBE911CC9472600AC69D5 /* UXActionSheetPresentable.swift in Sources */,
				042DBE8F1CC9472600AC69D5 /* UXActionSheetView.swift in Sources */,
				042DBE8D1CC9472600AC69D5 /* UXActionSheetCell.swift in Sources */,
				042DBE931CC9472600AC69D5 /* UXActionStyle.swift in Sources */,
				042DBECE1CC94AE700AC69D5 /* UXActionCell.swift in Sources */,
			);
			runOnlyForDeploymentPostprocessing = 0;
		};
/* End PBXSourcesBuildPhase section */

/* Begin XCBuildConfiguration section */
		042DBE811CC946EE00AC69D5 /* Debug */ = {
			isa = XCBuildConfiguration;
			buildSettings = {
				ALWAYS_SEARCH_USER_PATHS = NO;
				CLANG_ANALYZER_NONNULL = YES;
				CLANG_CXX_LANGUAGE_STANDARD = "gnu++0x";
				CLANG_CXX_LIBRARY = "libc++";
				CLANG_ENABLE_MODULES = YES;
				CLANG_ENABLE_OBJC_ARC = YES;
				CLANG_WARN_BOOL_CONVERSION = YES;
				CLANG_WARN_CONSTANT_CONVERSION = YES;
				CLANG_WARN_DIRECT_OBJC_ISA_USAGE = YES_ERROR;
				CLANG_WARN_EMPTY_BODY = YES;
				CLANG_WARN_ENUM_CONVERSION = YES;
				CLANG_WARN_INT_CONVERSION = YES;
				CLANG_WARN_OBJC_ROOT_CLASS = YES_ERROR;
				CLANG_WARN_UNREACHABLE_CODE = YES;
				CLANG_WARN__DUPLICATE_METHOD_MATCH = YES;
				"CODE_SIGN_IDENTITY[sdk=iphoneos*]" = "iPhone Developer";
				COPY_PHASE_STRIP = NO;
				CURRENT_PROJECT_VERSION = 1;
				DEBUG_INFORMATION_FORMAT = dwarf;
				ENABLE_STRICT_OBJC_MSGSEND = YES;
				ENABLE_TESTABILITY = YES;
				GCC_C_LANGUAGE_STANDARD = gnu99;
				GCC_DYNAMIC_NO_PIC = NO;
				GCC_NO_COMMON_BLOCKS = YES;
				GCC_OPTIMIZATION_LEVEL = 0;
				GCC_PREPROCESSOR_DEFINITIONS = (
					"DEBUG=1",
					"$(inherited)",
				);
				GCC_WARN_64_TO_32_BIT_CONVERSION = YES;
				GCC_WARN_ABOUT_RETURN_TYPE = YES_ERROR;
				GCC_WARN_UNDECLARED_SELECTOR = YES;
				GCC_WARN_UNINITIALIZED_AUTOS = YES_AGGRESSIVE;
				GCC_WARN_UNUSED_FUNCTION = YES;
				GCC_WARN_UNUSED_VARIABLE = YES;
				IPHONEOS_DEPLOYMENT_TARGET = 9.3;
				MTL_ENABLE_DEBUG_INFO = YES;
				ONLY_ACTIVE_ARCH = YES;
				SDKROOT = iphoneos;
				SWIFT_OPTIMIZATION_LEVEL = "-Onone";
				TARGETED_DEVICE_FAMILY = "1,2";
				VERSIONING_SYSTEM = "apple-generic";
				VERSION_INFO_PREFIX = "";
			};
			name = Debug;
		};
		042DBE821CC946EE00AC69D5 /* Release */ = {
			isa = XCBuildConfiguration;
			buildSettings = {
				ALWAYS_SEARCH_USER_PATHS = NO;
				CLANG_ANALYZER_NONNULL = YES;
				CLANG_CXX_LANGUAGE_STANDARD = "gnu++0x";
				CLANG_CXX_LIBRARY = "libc++";
				CLANG_ENABLE_MODULES = YES;
				CLANG_ENABLE_OBJC_ARC = YES;
				CLANG_WARN_BOOL_CONVERSION = YES;
				CLANG_WARN_CONSTANT_CONVERSION = YES;
				CLANG_WARN_DIRECT_OBJC_ISA_USAGE = YES_ERROR;
				CLANG_WARN_EMPTY_BODY = YES;
				CLANG_WARN_ENUM_CONVERSION = YES;
				CLANG_WARN_INT_CONVERSION = YES;
				CLANG_WARN_OBJC_ROOT_CLASS = YES_ERROR;
				CLANG_WARN_UNREACHABLE_CODE = YES;
				CLANG_WARN__DUPLICATE_METHOD_MATCH = YES;
				"CODE_SIGN_IDENTITY[sdk=iphoneos*]" = "iPhone Developer";
				COPY_PHASE_STRIP = NO;
				CURRENT_PROJECT_VERSION = 1;
				DEBUG_INFORMATION_FORMAT = "dwarf-with-dsym";
				ENABLE_NS_ASSERTIONS = NO;
				ENABLE_STRICT_OBJC_MSGSEND = YES;
				GCC_C_LANGUAGE_STANDARD = gnu99;
				GCC_NO_COMMON_BLOCKS = YES;
				GCC_WARN_64_TO_32_BIT_CONVERSION = YES;
				GCC_WARN_ABOUT_RETURN_TYPE = YES_ERROR;
				GCC_WARN_UNDECLARED_SELECTOR = YES;
				GCC_WARN_UNINITIALIZED_AUTOS = YES_AGGRESSIVE;
				GCC_WARN_UNUSED_FUNCTION = YES;
				GCC_WARN_UNUSED_VARIABLE = YES;
				IPHONEOS_DEPLOYMENT_TARGET = 9.3;
				MTL_ENABLE_DEBUG_INFO = NO;
				SDKROOT = iphoneos;
				TARGETED_DEVICE_FAMILY = "1,2";
				VALIDATE_PRODUCT = YES;
				VERSIONING_SYSTEM = "apple-generic";
				VERSION_INFO_PREFIX = "";
			};
			name = Release;
		};
		042DBE841CC946EE00AC69D5 /* Debug */ = {
			isa = XCBuildConfiguration;
			buildSettings = {
				CLANG_ENABLE_MODULES = YES;
				DEFINES_MODULE = YES;
				DYLIB_COMPATIBILITY_VERSION = 1;
				DYLIB_CURRENT_VERSION = 1;
				DYLIB_INSTALL_NAME_BASE = "@rpath";
				INFOPLIST_FILE = UXActionSheet/Info.plist;
				INSTALL_PATH = "$(LOCAL_LIBRARY_DIR)/Frameworks";
				LD_RUNPATH_SEARCH_PATHS = "$(inherited) @executable_path/Frameworks @loader_path/Frameworks";
				PRODUCT_BUNDLE_IDENTIFIER = uk.jackchmbrln.UXActionSheet;
				PRODUCT_NAME = "$(TARGET_NAME)";
				SKIP_INSTALL = YES;
				SWIFT_OPTIMIZATION_LEVEL = "-Onone";
			};
			name = Debug;
		};
		042DBE851CC946EE00AC69D5 /* Release */ = {
			isa = XCBuildConfiguration;
			buildSettings = {
				CLANG_ENABLE_MODULES = YES;
				DEFINES_MODULE = YES;
				DYLIB_COMPATIBILITY_VERSION = 1;
				DYLIB_CURRENT_VERSION = 1;
				DYLIB_INSTALL_NAME_BASE = "@rpath";
				INFOPLIST_FILE = UXActionSheet/Info.plist;
				INSTALL_PATH = "$(LOCAL_LIBRARY_DIR)/Frameworks";
				LD_RUNPATH_SEARCH_PATHS = "$(inherited) @executable_path/Frameworks @loader_path/Frameworks";
				PRODUCT_BUNDLE_IDENTIFIER = uk.jackchmbrln.UXActionSheet;
				PRODUCT_NAME = "$(TARGET_NAME)";
				SKIP_INSTALL = YES;
			};
			name = Release;
		};
/* End XCBuildConfiguration section */

/* Begin XCConfigurationList section */
		042DBE751CC946EE00AC69D5 /* Build configuration list for PBXProject "UXActionSheet" */ = {
			isa = XCConfigurationList;
			buildConfigurations = (
				042DBE811CC946EE00AC69D5 /* Debug */,
				042DBE821CC946EE00AC69D5 /* Release */,
			);
			defaultConfigurationIsVisible = 0;
			defaultConfigurationName = Release;
		};
		042DBE831CC946EE00AC69D5 /* Build configuration list for PBXNativeTarget "UXActionSheet" */ = {
			isa = XCConfigurationList;
			buildConfigurations = (
				042DBE841CC946EE00AC69D5 /* Debug */,
				042DBE851CC946EE00AC69D5 /* Release */,
			);
			defaultConfigurationIsVisible = 0;
			defaultConfigurationName = Release;
		};
/* End XCConfigurationList section */
	};
	rootObject = 042DBE721CC946EE00AC69D5 /* Project object */;
}
